Microsoft Visual Studio Solution File, Format Version 12.00
# Visual Studio 2012
Project("{FAE04EC0-301F-11D3-BF4B-00C04F79EFBC}") = "Swinburne Simulator 2D", "Swinburne Simulator 2D.csproj", "{0B53803D-9CE5-46A8-8265-46BFFAFC3173}"
EndProject
Global
	GlobalSection(SolutionConfigurationPlatforms) = preSolution
	Debug|Any CPU = Debug|Any CPU
	ExportDebug|Any CPU = ExportDebug|Any CPU
	ExportRelease|Any CPU = ExportRelease|Any CPU
	EndGlobalSection
	GlobalSection(ProjectConfigurationPlatforms) = postSolution
		{0B53803D-9CE5-46A8-8265-46BFFAFC3173}.Debug|Any CPU.ActiveCfg = Debug|Any CPU
		{0B53803D-9CE5-46A8-8265-46BFFAFC3173}.Debug|Any CPU.Build.0 = Debug|Any CPU
		{0B53803D-9CE5-46A8-8265-46BFFAFC3173}.ExportDebug|Any CPU.ActiveCfg = ExportDebug|Any CPU
		{0B53803D-9CE5-46A8-8265-46BFFAFC3173}.ExportDebug|Any CPU.Build.0 = ExportDebug|Any CPU
		{0B53803D-9CE5-46A8-8265-46BFFAFC3173}.ExportRelease|Any CPU.ActiveCfg = ExportRelease|Any CPU
		{0B53803D-9CE5-46A8-8265-46BFFAFC3173}.ExportRelease|Any CPU.Build.0 = ExportRelease|Any CPU
	EndGlobalSection
EndGlobal
